
Microsoft Visual Studio Solution File, Format Version 12.00
# Visual Studio Version 17
VisualStudioVersion = 17.7.34003.232
MinimumVisualStudioVersion = 10.0.40219.1
Project("{2150E333-8FDC-42A3-9474-1A3956D46DE8}") = "Core", "Core", "{DDF387CF-4C8C-4888-B62D-53E3CD750422}"
EndProject
Project("{2150E333-8FDC-42A3-9474-1A3956D46DE8}") = "Infrastructure", "Infrastructure", "{901B6FE5-9AB6-490C-8288-D1B1BF88E936}"
EndProject
Project("{2150E333-8FDC-42A3-9474-1A3956D46DE8}") = "Presentation", "Presentation", "{28917413-E557-4131-98A3-726885EDC916}"
EndProject
Project("{2150E333-8FDC-42A3-9474-1A3956D46DE8}") = "Tests", "Tests", "{1ED625E6-2E97-4184-8829-F86885737564}"
EndProject
Project("{FAE04EC0-301F-11D3-BF4B-00C04F79EFBC}") = "Notes.Domain", "Notes.Domain\Notes.Domain.csproj", "{A0B96175-9EE0-4662-8E0F-E83BEC7220CE}"
EndProject
Project("{FAE04EC0-301F-11D3-BF4B-00C04F79EFBC}") = "Notes.Application", "Notes.Application\Notes.Application.csproj", "{2ACF69CA-B4A4-4E3F-AE11-5244BB870DB6}"
EndProject
Project("{FAE04EC0-301F-11D3-BF4B-00C04F79EFBC}") = "Notes.Persistence", "Notes.Persistence\Notes.Persistence.csproj", "{911B38AB-7941-45E2-843C-9EF41E66C8FF}"
EndProject
Project("{FAE04EC0-301F-11D3-BF4B-00C04F79EFBC}") = "Notes.WebApi", "Notes.WebApi\Notes.WebApi.csproj", "{B916BBB0-3C80-420C-BFF8-E12BF2F79BC1}"
EndProject
Global
	GlobalSection(SolutionConfigurationPlatforms) = preSolution
		Debug|Any CPU = Debug|Any CPU
		Release|Any CPU = Release|Any CPU
	EndGlobalSection
	GlobalSection(ProjectConfigurationPlatforms) = postSolution
		{A0B96175-9EE0-4662-8E0F-E83BEC7220CE}.Debug|Any CPU.ActiveCfg = Debug|Any CPU
		{A0B96175-9EE0-4662-8E0F-E83BEC7220CE}.Debug|Any CPU.Build.0 = Debug|Any CPU
		{A0B96175-9EE0-4662-8E0F-E83BEC7220CE}.Release|Any CPU.ActiveCfg = Release|Any CPU
		{A0B96175-9EE0-4662-8E0F-E83BEC7220CE}.Release|Any CPU.Build.0 = Release|Any CPU
		{2ACF69CA-B4A4-4E3F-AE11-5244BB870DB6}.Debug|Any CPU.ActiveCfg = Debug|Any CPU
		{2ACF69CA-B4A4-4E3F-AE11-5244BB870DB6}.Debug|Any CPU.Build.0 = Debug|Any CPU
		{2ACF69CA-B4A4-4E3F-AE11-5244BB870DB6}.Release|Any CPU.ActiveCfg = Release|Any CPU
		{2ACF69CA-B4A4-4E3F-AE11-5244BB870DB6}.Release|Any CPU.Build.0 = Release|Any CPU
		{911B38AB-7941-45E2-843C-9EF41E66C8FF}.Debug|Any CPU.ActiveCfg = Debug|Any CPU
		{911B38AB-7941-45E2-843C-9EF41E66C8FF}.Debug|Any CPU.Build.0 = Debug|Any CPU
		{911B38AB-7941-45E2-843C-9EF41E66C8FF}.Release|Any CPU.ActiveCfg = Release|Any CPU
		{911B38AB-7941-45E2-843C-9EF41E66C8FF}.Release|Any CPU.Build.0 = Release|Any CPU
		{B916BBB0-3C80-420C-BFF8-E12BF2F79BC1}.Debug|Any CPU.ActiveCfg = Debug|Any CPU
		{B916BBB0-3C80-420C-BFF8-E12BF2F79BC1}.Debug|Any CPU.Build.0 = Debug|Any CPU
		{B916BBB0-3C80-420C-BFF8-E12BF2F79BC1}.Release|Any CPU.ActiveCfg = Release|Any CPU
		{B916BBB0-3C80-420C-BFF8-E12BF2F79BC1}.Release|Any CPU.Build.0 = Release|Any CPU
	EndGlobalSection
	GlobalSection(SolutionProperties) = preSolution
		HideSolutionNode = FALSE
	EndGlobalSection
	GlobalSection(NestedProjects) = preSolution
		{A0B96175-9EE0-4662-8E0F-E83BEC7220CE} = {DDF387CF-4C8C-4888-B62D-53E3CD750422}
		{2ACF69CA-B4A4-4E3F-AE11-5244BB870DB6} = {DDF387CF-4C8C-4888-B62D-53E3CD750422}
		{911B38AB-7941-45E2-843C-9EF41E66C8FF} = {901B6FE5-9AB6-490C-8288-D1B1BF88E936}
		{B916BBB0-3C80-420C-BFF8-E12BF2F79BC1} = {28917413-E557-4131-98A3-726885EDC916}
	EndGlobalSection
	GlobalSection(ExtensibilityGlobals) = postSolution
		SolutionGuid = {A86CAC64-AFF5-437C-AFDF-F938C1F4497C}
	EndGlobalSection
EndGlobal
